
Microsoft Visual Studio Solution File, Format Version 12.00
# Visual Studio Version 17
VisualStudioVersion = 17.11.35327.3
MinimumVisualStudioVersion = 10.0.40219.1
Project("{9A19103F-16F7-4668-BE54-9A1E7A4F7556}") = "Blazor", "Blazor\Blazor.csproj", "{44519E9E-0D14-4307-B658-23F036E3D925}"
EndProject
Project("{FAE04EC0-301F-11D3-BF4B-00C04F79EFBC}") = "API", "..\..\..\..\Downloads\tonghop-main\Tong_Hop\API\API.csproj", "{6D439154-523C-4CBA-8932-297D502A7208}"
EndProject
Project("{FAE04EC0-301F-11D3-BF4B-00C04F79EFBC}") = "DataBase", "..\..\..\..\Downloads\tonghop-main\Tong_Hop\DataBase\DataBase.csproj", "{FFEE3281-0109-442E-ABCE-F52BD5847D64}"
EndProject
Global
	GlobalSection(SolutionConfigurationPlatforms) = preSolution
		Debug|Any CPU = Debug|Any CPU
		Release|Any CPU = Release|Any CPU
	EndGlobalSection
	GlobalSection(ProjectConfigurationPlatforms) = postSolution
		{44519E9E-0D14-4307-B658-23F036E3D925}.Debug|Any CPU.ActiveCfg = Debug|Any CPU
		{44519E9E-0D14-4307-B658-23F036E3D925}.Debug|Any CPU.Build.0 = Debug|Any CPU
		{44519E9E-0D14-4307-B658-23F036E3D925}.Release|Any CPU.ActiveCfg = Release|Any CPU
		{44519E9E-0D14-4307-B658-23F036E3D925}.Release|Any CPU.Build.0 = Release|Any CPU
		{6D439154-523C-4CBA-8932-297D502A7208}.Debug|Any CPU.ActiveCfg = Debug|Any CPU
		{6D439154-523C-4CBA-8932-297D502A7208}.Debug|Any CPU.Build.0 = Debug|Any CPU
		{6D439154-523C-4CBA-8932-297D502A7208}.Release|Any CPU.ActiveCfg = Release|Any CPU
		{6D439154-523C-4CBA-8932-297D502A7208}.Release|Any CPU.Build.0 = Release|Any CPU
		{FFEE3281-0109-442E-ABCE-F52BD5847D64}.Debug|Any CPU.ActiveCfg = Debug|Any CPU
		{FFEE3281-0109-442E-ABCE-F52BD5847D64}.Debug|Any CPU.Build.0 = Debug|Any CPU
		{FFEE3281-0109-442E-ABCE-F52BD5847D64}.Release|Any CPU.ActiveCfg = Release|Any CPU
		{FFEE3281-0109-442E-ABCE-F52BD5847D64}.Release|Any CPU.Build.0 = Release|Any CPU
	EndGlobalSection
	GlobalSection(SolutionProperties) = preSolution
		HideSolutionNode = FALSE
	EndGlobalSection
	GlobalSection(ExtensibilityGlobals) = postSolution
		SolutionGuid = {91712D3E-1CEB-433C-A22A-91DA7EA5ED6F}
	EndGlobalSection
EndGlobal
