
Microsoft Visual Studio Solution File, Format Version 12.00
# Visual Studio Version 17
VisualStudioVersion = 17.11.35327.3
MinimumVisualStudioVersion = 10.0.40219.1
Project("{9A19103F-16F7-4668-BE54-9A1E7A4F7556}") = "DataBase", "DataBase\DataBase.csproj", "{DAB1430B-C9E0-44E1-B995-40E8927ACC3D}"
EndProject
Project("{9A19103F-16F7-4668-BE54-9A1E7A4F7556}") = "API", "API\API.csproj", "{4054A638-144B-442E-A694-EB5128C9DC57}"
EndProject
Project("{9A19103F-16F7-4668-BE54-9A1E7A4F7556}") = "Blazor", "Blazor\Blazor.csproj", "{44519E9E-0D14-4307-B658-23F036E3D925}"
EndProject
Global
	GlobalSection(SolutionConfigurationPlatforms) = preSolution
		Debug|Any CPU = Debug|Any CPU
		Release|Any CPU = Release|Any CPU
	EndGlobalSection
	GlobalSection(ProjectConfigurationPlatforms) = postSolution
		{DAB1430B-C9E0-44E1-B995-40E8927ACC3D}.Debug|Any CPU.ActiveCfg = Debug|Any CPU
		{DAB1430B-C9E0-44E1-B995-40E8927ACC3D}.Debug|Any CPU.Build.0 = Debug|Any CPU
		{DAB1430B-C9E0-44E1-B995-40E8927ACC3D}.Release|Any CPU.ActiveCfg = Release|Any CPU
		{DAB1430B-C9E0-44E1-B995-40E8927ACC3D}.Release|Any CPU.Build.0 = Release|Any CPU
		{4054A638-144B-442E-A694-EB5128C9DC57}.Debug|Any CPU.ActiveCfg = Debug|Any CPU
		{4054A638-144B-442E-A694-EB5128C9DC57}.Debug|Any CPU.Build.0 = Debug|Any CPU
		{4054A638-144B-442E-A694-EB5128C9DC57}.Release|Any CPU.ActiveCfg = Release|Any CPU
		{4054A638-144B-442E-A694-EB5128C9DC57}.Release|Any CPU.Build.0 = Release|Any CPU
		{44519E9E-0D14-4307-B658-23F036E3D925}.Debug|Any CPU.ActiveCfg = Debug|Any CPU
		{44519E9E-0D14-4307-B658-23F036E3D925}.Debug|Any CPU.Build.0 = Debug|Any CPU
		{44519E9E-0D14-4307-B658-23F036E3D925}.Release|Any CPU.ActiveCfg = Release|Any CPU
		{44519E9E-0D14-4307-B658-23F036E3D925}.Release|Any CPU.Build.0 = Release|Any CPU
	EndGlobalSection
	GlobalSection(SolutionProperties) = preSolution
		HideSolutionNode = FALSE
	EndGlobalSection
	GlobalSection(ExtensibilityGlobals) = postSolution
		SolutionGuid = {91712D3E-1CEB-433C-A22A-91DA7EA5ED6F}
	EndGlobalSection
EndGlobal
